{
  "name": "@codecrafters/redis",
  "version": "1.0.0",
  "lockfileVersion": 3,
  "requires": true,
  "packages": {
    "": {
      "name": "@codecrafters/redis",
      "version": "1.0.0",
      "dependencies": {
        "respjs": "^4.2.0"
      }
    },
    "node_modules/respjs": {
      "version": "4.2.0",
      "resolved": "https://registry.npmjs.org/respjs/-/respjs-4.2.0.tgz",
      "integrity": "sha512-/W219Wpyo0m6bVN9z/rqhe0ek6nJ7Tus9WhbWpA8aJI8FxtMrQw1u8RStxOswTyUrW/NXaKXuaNfKZFKYbwXkg==",
      "engines": {
        "node": ">= 6"
      }
    }
  }
}
